Microsoft Visual Studio Solution File, Format Version 12.00
# Visual Studio Version 17
VisualStudioVersion = 17.5.2.0
MinimumVisualStudioVersion = 10.0.40219.1
Project("{FAE04EC0-301F-11D3-BF4B-00C04F79EFBC}") = "GrpcWithWebApi", "GrpcWithWebApi.csproj", "{AB51D821-1F9F-8894-FD2C-95D246292063}"
EndProject
Global
	GlobalSection(SolutionConfigurationPlatforms) = preSolution
		Debug|Any CPU = Debug|Any CPU
		Release|Any CPU = Release|Any CPU
	EndGlobalSection
	GlobalSection(ProjectConfigurationPlatforms) = postSolution
		{AB51D821-1F9F-8894-FD2C-95D246292063}.Debug|Any CPU.ActiveCfg = Debug|Any CPU
		{AB51D821-1F9F-8894-FD2C-95D246292063}.Debug|Any CPU.Build.0 = Debug|Any CPU
		{AB51D821-1F9F-8894-FD2C-95D246292063}.Release|Any CPU.ActiveCfg = Release|Any CPU
		{AB51D821-1F9F-8894-FD2C-95D246292063}.Release|Any CPU.Build.0 = Release|Any CPU
	EndGlobalSection
	GlobalSection(SolutionProperties) = preSolution
		HideSolutionNode = FALSE
	EndGlobalSection
	GlobalSection(ExtensibilityGlobals) = postSolution
		SolutionGuid = {82EA1DCD-F1A4-4B08-93BC-F3CCB9503D08}
	EndGlobalSection
EndGlobal
